
Microsoft Visual Studio Solution File, Format Version 12.00
# Visual Studio Version 16
VisualStudioVersion = 16.0.31729.503
MinimumVisualStudioVersion = 10.0.40219.1
Project("{FAE04EC0-301F-11D3-BF4B-00C04F79EFBC}") = "SITConnect", "SITConnect.csproj", "{DE651B12-13BF-4472-B42E-11F9C6E75021}"
EndProject
Global
	GlobalSection(SolutionConfigurationPlatforms) = preSolution
		Debug|Any CPU = Debug|Any CPU
		Release|Any CPU = Release|Any CPU
	EndGlobalSection
	GlobalSection(ProjectConfigurationPlatforms) = postSolution
		{DE651B12-13BF-4472-B42E-11F9C6E75021}.Debug|Any CPU.ActiveCfg = Debug|Any CPU
		{DE651B12-13BF-4472-B42E-11F9C6E75021}.Debug|Any CPU.Build.0 = Debug|Any CPU
		{DE651B12-13BF-4472-B42E-11F9C6E75021}.Release|Any CPU.ActiveCfg = Release|Any CPU
		{DE651B12-13BF-4472-B42E-11F9C6E75021}.Release|Any CPU.Build.0 = Release|Any CPU
	EndGlobalSection
	GlobalSection(SolutionProperties) = preSolution
		HideSolutionNode = FALSE
	EndGlobalSection
	GlobalSection(ExtensibilityGlobals) = postSolution
		SolutionGuid = {1ABCFA51-863E-4663-AE7F-5DA6E3A1CFA6}
	EndGlobalSection
EndGlobal
